<?xml version="1.0" encoding="utf-8"?>
<Project ToolsVersion="4.0" xmlns="http://schemas.microsoft.com/developer/msbuild/2003">
  <ItemGroup>
    <Filter Include="Source Files">
      <UniqueIdentifier>{4FC737F1-C7A5-4376-A066-2A32D752A2FF}</UniqueIdentifier>
      <Extensions>cpp;c;cc;cxx;def;odl;idl;hpj;bat;asm;asmx</Extensions>
    </Filter>
    <Filter Include="Header Files">
      <UniqueIdentifier>{93995380-89BD-4b04-88EB-625FBE52EBFB}</UniqueIdentifier>
      <Extensions>h;hh;hpp;hxx;hm;inl;inc;xsd</Extensions>
    </Filter>
    <Filter Include="Resource Files">
      <UniqueIdentifier>{67DA6AB6-F800-4c08-8B7A-83BB121AAD01}</UniqueIdentifier>
      <Extensions>rc;ico;cur;bmp;dlg;rc2;rct;bin;rgs;gif;jpg;jpeg;jpe;resx;tiff;tif;png;wav;mfcribbon-ms</Extensions>
    </Filter>
    <Filter Include="Source Files\Base">
      <UniqueIdentifier>{a7a1f262-be86-446e-b766-7b975dbddcab}</UniqueIdentifier>
    </Filter>
    <Filter Include="Source Files\Input">
      <UniqueIdentifier>{398a5628-14d4-4142-9776-fb4e7b0c9715}</UniqueIdentifier>
    </Filter>
    <Filter Include="Source Files\Renderer">
      <UniqueIdentifier>{d8996ab1-3f2d-475a-a1d1-8b31e3e6016e}</UniqueIdentifier>
    </Filter>
    <Filter Include="Source Files\Primitives">
      <UniqueIdentifier>{c2b9beac-bcda-488a-9086-03716d54e3dd}</UniqueIdentifier>
    </Filter>
  </ItemGroup>
  <ItemGroup>
    <ClInclude Include="include\CContextOpenGL.h">
      <Filter>Header Files</Filter>
    </ClInclude>
    <ClInclude Include="include\CDebug.h">
      <Filter>Header Files</Filter>
    </ClInclude>
    <ClInclude Include="include\CDrawableGameObject.h">
      <Filter>Header Files</Filter>
    </ClInclude>
    <ClInclude Include="include\CEvents.h">
      <Filter>Header Files</Filter>
    </ClInclude>
    <ClInclude Include="include\CFpsCounter.h">
      <Filter>Header Files</Filter>
    </ClInclude>
    <ClInclude Include="include\CGame.h">
      <Filter>Header Files</Filter>
    </ClInclude>
    <ClInclude Include="include\CGameObject.h">
      <Filter>Header Files</Filter>
    </ClInclude>
    <ClInclude Include="include\CGameTime.h">
      <Filter>Header Files</Filter>
    </ClInclude>
    <ClInclude Include="include\CGraphicsContext.h">
      <Filter>Header Files</Filter>
    </ClInclude>
    <ClInclude Include="include\CJoystick.h">
      <Filter>Header Files</Filter>
    </ClInclude>
    <ClInclude Include="include\CKeyboard.h">
      <Filter>Header Files</Filter>
    </ClInclude>
    <ClInclude Include="include\CMouse.h">
      <Filter>Header Files</Filter>
    </ClInclude>
    <ClInclude Include="include\CObjectBase.h">
      <Filter>Header Files</Filter>
    </ClInclude>
    <ClInclude Include="include\CShader.h">
      <Filter>Header Files</Filter>
    </ClInclude>
    <ClInclude Include="include\CSmegException.h">
      <Filter>Header Files</Filter>
    </ClInclude>
    <ClInclude Include="include\CTiming.h">
      <Filter>Header Files</Filter>
    </ClInclude>
    <ClInclude Include="include\CUpdateTicker.h">
      <Filter>Header Files</Filter>
    </ClInclude>
    <ClInclude Include="include\IUpdateable.h">
      <Filter>Header Files</Filter>
    </ClInclude>
    <ClInclude Include="include\MInputEventListener.h">
      <Filter>Header Files</Filter>
    </ClInclude>
    <ClInclude Include="include\Color.h">
      <Filter>Header Files</Filter>
    </ClInclude>
    <ClInclude Include="include\CShaderProgram.h">
      <Filter>Header Files</Filter>
    </ClInclude>
    <ClInclude Include="include\TRectangle.h">
      <Filter>Header Files</Filter>
    </ClInclude>
    <ClInclude Include="include\TVector2.h">
      <Filter>Header Files</Filter>
    </ClInclude>
  </ItemGroup>
  <ItemGroup>
    <ClCompile Include="src\Base\CDrawableGameObject.cpp">
      <Filter>Source Files\Base</Filter>
    </ClCompile>
    <ClCompile Include="src\Base\CEvents.cpp">
      <Filter>Source Files\Base</Filter>
    </ClCompile>
    <ClCompile Include="src\Base\CFpsCounter.cpp">
      <Filter>Source Files\Base</Filter>
    </ClCompile>
    <ClCompile Include="src\Base\CGame.cpp">
      <Filter>Source Files\Base</Filter>
    </ClCompile>
    <ClCompile Include="src\Base\CGameObject.cpp">
      <Filter>Source Files\Base</Filter>
    </ClCompile>
    <ClCompile Include="src\Base\CGameTime.cpp">
      <Filter>Source Files\Base</Filter>
    </ClCompile>
    <ClCompile Include="src\Base\CObjectBase.cpp">
      <Filter>Source Files\Base</Filter>
    </ClCompile>
    <ClCompile Include="src\Base\CSmegException.cpp">
      <Filter>Source Files\Base</Filter>
    </ClCompile>
    <ClCompile Include="src\Base\CTiming.cpp">
      <Filter>Source Files\Base</Filter>
    </ClCompile>
    <ClCompile Include="src\Base\CUpdateTicker.cpp">
      <Filter>Source Files\Base</Filter>
    </ClCompile>
    <ClCompile Include="src\Input\CKeyboard.cpp">
      <Filter>Source Files\Input</Filter>
    </ClCompile>
    <ClCompile Include="src\Input\CMouse.cpp">
      <Filter>Source Files\Input</Filter>
    </ClCompile>
    <ClCompile Include="src\Input\CJoystick.cpp">
      <Filter>Source Files\Input</Filter>
    </ClCompile>
    <ClCompile Include="src\Renderer\CGraphicsContext.cpp">
      <Filter>Source Files\Renderer</Filter>
    </ClCompile>
    <ClCompile Include="src\Renderer\CShader.cpp">
      <Filter>Source Files\Renderer</Filter>
    </ClCompile>
    <ClCompile Include="src\Renderer\CShaderProgram.cpp">
      <Filter>Source Files\Renderer</Filter>
    </ClCompile>
    <ClCompile Include="src\Primitives\Color.cpp">
      <Filter>Source Files\Primitives</Filter>
    </ClCompile>
    <ClCompile Include="src\Primitives\TRectangle.cpp">
      <Filter>Source Files\Primitives</Filter>
    </ClCompile>
    <ClCompile Include="src\Primitives\TVector2.cpp">
      <Filter>Source Files\Primitives</Filter>
    </ClCompile>
  </ItemGroup>
</Project>